// !$*UTF8*$!
{
	archiveVersion = 1;
	classes = {
	};
	objectVersion = 50;
	objects = {

/* Begin PBXBuildFile section */
		A5069C15235B5B4900A75764 /* PostTableCell.swift in Sources */ = {isa = PBXBuildFile; fileRef = A5069C14235B5B4900A75764 /* PostTableCell.swift */; };
		A554C703235B2878009663CF /* AppDelegate.swift in Sources */ = {isa = PBXBuildFile; fileRef = A554C702235B2878009663CF /* AppDelegate.swift */; };
		A554C705235B2878009663CF /* SceneDelegate.swift in Sources */ = {isa = PBXBuildFile; fileRef = A554C704235B2878009663CF /* SceneDelegate.swift */; };
		A554C707235B2878009663CF /* PostsListTableVC.swift in Sources */ = {isa = PBXBuildFile; fileRef = A554C706235B2878009663CF /* PostsListTableVC.swift */; };
		A554C70A235B2878009663CF /* Main.storyboard in Resources */ = {isa = PBXBuildFile; fileRef = A554C708235B2878009663CF /* Main.storyboard */; };
		A554C70C235B287D009663CF /* Assets.xcassets in Resources */ = {isa = PBXBuildFile; fileRef = A554C70B235B287D009663CF /* Assets.xcassets */; };
		A554C70F235B287D009663CF /* LaunchScreen.storyboard in Resources */ = {isa = PBXBuildFile; fileRef = A554C70D235B287D009663CF /* LaunchScreen.storyboard */; };
		A554C71A235B2B52009663CF /* NetworkManager.swift in Sources */ = {isa = PBXBuildFile; fileRef = A554C719235B2B52009663CF /* NetworkManager.swift */; };
		A554C71C235B2E58009663CF /* NetworkManagerImpl.swift in Sources */ = {isa = PBXBuildFile; fileRef = A554C71B235B2E58009663CF /* NetworkManagerImpl.swift */; };
		A554C71E235B35CD009663CF /* PostsService.swift in Sources */ = {isa = PBXBuildFile; fileRef = A554C71D235B35CD009663CF /* PostsService.swift */; };
		A554C721235B392B009663CF /* Loger.swift in Sources */ = {isa = PBXBuildFile; fileRef = A554C720235B392B009663CF /* Loger.swift */; };
		A554C723235B4462009663CF /* NetworkOperationImpl.swift in Sources */ = {isa = PBXBuildFile; fileRef = A554C722235B4462009663CF /* NetworkOperationImpl.swift */; };
		A554C726235B4BA8009663CF /* Post.swift in Sources */ = {isa = PBXBuildFile; fileRef = A554C725235B4BA8009663CF /* Post.swift */; };
		A554C729235B537F009663CF /* PostsResult.swift in Sources */ = {isa = PBXBuildFile; fileRef = A554C728235B537F009663CF /* PostsResult.swift */; };
		A5BD9711235B569B0006C036 /* Utilities.swift in Sources */ = {isa = PBXBuildFile; fileRef = A5BD9710235B569B0006C036 /* Utilities.swift */; };
		A5E084EB235B80A500BE6241 /* ImageStorage.swift in Sources */ = {isa = PBXBuildFile; fileRef = A5E084EA235B80A500BE6241 /* ImageStorage.swift */; };
		A5E084ED235B8F7D00BE6241 /* ImageProvider.swift in Sources */ = {isa = PBXBuildFile; fileRef = A5E084EC235B8F7D00BE6241 /* ImageProvider.swift */; };
		A5E084EF235B961B00BE6241 /* URL+Utilities.swift in Sources */ = {isa = PBXBuildFile; fileRef = A5E084EE235B961B00BE6241 /* URL+Utilities.swift */; };
		A5E084FA235C3E4500BE6241 /* MainCoordinator.swift in Sources */ = {isa = PBXBuildFile; fileRef = A5E084F9235C3E4500BE6241 /* MainCoordinator.swift */; };
		A5E084FD235C3EA900BE6241 /* UIViewController+Utilities.swift in Sources */ = {isa = PBXBuildFile; fileRef = A5E084FC235C3EA900BE6241 /* UIViewController+Utilities.swift */; };
		A5E08500235C3F8A00BE6241 /* PostsListFactory.swift in Sources */ = {isa = PBXBuildFile; fileRef = A5E084FF235C3F8A00BE6241 /* PostsListFactory.swift */; };
		A5E08503235C433800BE6241 /* DIFactory.swift in Sources */ = {isa = PBXBuildFile; fileRef = A5E08502235C433800BE6241 /* DIFactory.swift */; };
		A5E08505235C435700BE6241 /* DIContainer.swift in Sources */ = {isa = PBXBuildFile; fileRef = A5E08504235C435700BE6241 /* DIContainer.swift */; };
		A5E08508235C4F5600BE6241 /* PreviewImageVC.swift in Sources */ = {isa = PBXBuildFile; fileRef = A5E08507235C4F5600BE6241 /* PreviewImageVC.swift */; };
		A5E0850B235C7EA000BE6241 /* PhotoLibraryManager.swift in Sources */ = {isa = PBXBuildFile; fileRef = A5E0850A235C7EA000BE6241 /* PhotoLibraryManager.swift */; };
		A5E0850E235C8E1A00BE6241 /* PreviewImageFactory.swift in Sources */ = {isa = PBXBuildFile; fileRef = A5E0850D235C8E1A00BE6241 /* PreviewImageFactory.swift */; };
		A5E08510235C8F0600BE6241 /* PostsListRouter.swift in Sources */ = {isa = PBXBuildFile; fileRef = A5E0850F235C8F0600BE6241 /* PostsListRouter.swift */; };
		A5E08512235CD19200BE6241 /* LoadTableCell.swift in Sources */ = {isa = PBXBuildFile; fileRef = A5E08511235CD19200BE6241 /* LoadTableCell.swift */; };
		A5E08514235CD61F00BE6241 /* UIImageView+Hud.swift in Sources */ = {isa = PBXBuildFile; fileRef = A5E08513235CD61F00BE6241 /* UIImageView+Hud.swift */; };
/* End PBXBuildFile section */

/* Begin PBXFileReference section */
		A5069C14235B5B4900A75764 /* PostTableCell.swift */ = {isa = PBXFileReference; lastKnownFileType = sourcecode.swift; path = PostTableCell.swift; sourceTree = "<group>"; };
		A554C6FF235B2878009663CF /* TestTaskReddit.app */ = {isa = PBXFileReference; explicitFileType = wrapper.application; includeInIndex = 0; path = TestTaskReddit.app; sourceTree = BUILT_PRODUCTS_DIR; };
		A554C702235B2878009663CF /* AppDelegate.swift */ = {isa = PBXFileReference; lastKnownFileType = sourcecode.swift; path = AppDelegate.swift; sourceTree = "<group>"; };
		A554C704235B2878009663CF /* SceneDelegate.swift */ = {isa = PBXFileReference; lastKnownFileType = sourcecode.swift; path = SceneDelegate.swift; sourceTree = "<group>"; };
		A554C706235B2878009663CF /* PostsListTableVC.swift */ = {isa = PBXFileReference; lastKnownFileType = sourcecode.swift; path = PostsListTableVC.swift; sourceTree = "<group>"; };
		A554C709235B2878009663CF /* Base */ = {isa = PBXFileReference; lastKnownFileType = file.storyboard; name = Base; path = Base.lproj/Main.storyboard; sourceTree = "<group>"; };
		A554C70B235B287D009663CF /* Assets.xcassets */ = {isa = PBXFileReference; lastKnownFileType = folder.assetcatalog; path = Assets.xcassets; sourceTree = "<group>"; };
		A554C70E235B287D009663CF /* Base */ = {isa = PBXFileReference; lastKnownFileType = file.storyboard; name = Base; path = Base.lproj/LaunchScreen.storyboard; sourceTree = "<group>"; };
		A554C710235B287D009663CF /* Info.plist */ = {isa = PBXFileReference; lastKnownFileType = text.plist.xml; path = Info.plist; sourceTree = "<group>"; };
		A554C719235B2B52009663CF /* NetworkManager.swift */ = {isa = PBXFileReference; lastKnownFileType = sourcecode.swift; path = NetworkManager.swift; sourceTree = "<group>"; };
		A554C71B235B2E58009663CF /* NetworkManagerImpl.swift */ = {isa = PBXFileReference; lastKnownFileType = sourcecode.swift; path = NetworkManagerImpl.swift; sourceTree = "<group>"; };
		A554C71D235B35CD009663CF /* PostsService.swift */ = {isa = PBXFileReference; lastKnownFileType = sourcecode.swift; path = PostsService.swift; sourceTree = "<group>"; };
		A554C720235B392B009663CF /* Loger.swift */ = {isa = PBXFileReference; lastKnownFileType = sourcecode.swift; path = Loger.swift; sourceTree = "<group>"; };
		A554C722235B4462009663CF /* NetworkOperationImpl.swift */ = {isa = PBXFileReference; lastKnownFileType = sourcecode.swift; path = NetworkOperationImpl.swift; sourceTree = "<group>"; };
		A554C725235B4BA8009663CF /* Post.swift */ = {isa = PBXFileReference; lastKnownFileType = sourcecode.swift; path = Post.swift; sourceTree = "<group>"; };
		A554C728235B537F009663CF /* PostsResult.swift */ = {isa = PBXFileReference; lastKnownFileType = sourcecode.swift; path = PostsResult.swift; sourceTree = "<group>"; };
		A5BD9710235B569B0006C036 /* Utilities.swift */ = {isa = PBXFileReference; lastKnownFileType = sourcecode.swift; path = Utilities.swift; sourceTree = "<group>"; };
		A5E084EA235B80A500BE6241 /* ImageStorage.swift */ = {isa = PBXFileReference; lastKnownFileType = sourcecode.swift; path = ImageStorage.swift; sourceTree = "<group>"; };
		A5E084EC235B8F7D00BE6241 /* ImageProvider.swift */ = {isa = PBXFileReference; lastKnownFileType = sourcecode.swift; path = ImageProvider.swift; sourceTree = "<group>"; };
		A5E084EE235B961B00BE6241 /* URL+Utilities.swift */ = {isa = PBXFileReference; lastKnownFileType = sourcecode.swift; path = "URL+Utilities.swift"; sourceTree = "<group>"; };
		A5E084F9235C3E4500BE6241 /* MainCoordinator.swift */ = {isa = PBXFileReference; lastKnownFileType = sourcecode.swift; path = MainCoordinator.swift; sourceTree = "<group>"; };
		A5E084FC235C3EA900BE6241 /* UIViewController+Utilities.swift */ = {isa = PBXFileReference; lastKnownFileType = sourcecode.swift; path = "UIViewController+Utilities.swift"; sourceTree = "<group>"; };
		A5E084FF235C3F8A00BE6241 /* PostsListFactory.swift */ = {isa = PBXFileReference; lastKnownFileType = sourcecode.swift; path = PostsListFactory.swift; sourceTree = "<group>"; };
		A5E08502235C433800BE6241 /* DIFactory.swift */ = {isa = PBXFileReference; lastKnownFileType = sourcecode.swift; path = DIFactory.swift; sourceTree = "<group>"; };
		A5E08504235C435700BE6241 /* DIContainer.swift */ = {isa = PBXFileReference; lastKnownFileType = sourcecode.swift; path = DIContainer.swift; sourceTree = "<group>"; };
		A5E08507235C4F5600BE6241 /* PreviewImageVC.swift */ = {isa = PBXFileReference; lastKnownFileType = sourcecode.swift; path = PreviewImageVC.swift; sourceTree = "<group>"; };
		A5E0850A235C7EA000BE6241 /* PhotoLibraryManager.swift */ = {isa = PBXFileReference; lastKnownFileType = sourcecode.swift; path = PhotoLibraryManager.swift; sourceTree = "<group>"; };
		A5E0850D235C8E1A00BE6241 /* PreviewImageFactory.swift */ = {isa = PBXFileReference; lastKnownFileType = sourcecode.swift; path = PreviewImageFactory.swift; sourceTree = "<group>"; };
		A5E0850F235C8F0600BE6241 /* PostsListRouter.swift */ = {isa = PBXFileReference; lastKnownFileType = sourcecode.swift; path = PostsListRouter.swift; sourceTree = "<group>"; };
		A5E08511235CD19200BE6241 /* LoadTableCell.swift */ = {isa = PBXFileReference; lastKnownFileType = sourcecode.swift; path = LoadTableCell.swift; sourceTree = "<group>"; };
		A5E08513235CD61F00BE6241 /* UIImageView+Hud.swift */ = {isa = PBXFileReference; lastKnownFileType = sourcecode.swift; path = "UIImageView+Hud.swift"; sourceTree = "<group>"; };
/* End PBXFileReference section */

/* Begin PBXFrameworksBuildPhase section */
		A554C6FC235B2878009663CF /* Frameworks */ = {
			isa = PBXFrameworksBuildPhase;
			buildActionMask = 2147483647;
			files = (
			);
			runOnlyForDeploymentPostprocessing = 0;
		};
/* End PBXFrameworksBuildPhase section */

/* Begin PBXGroup section */
		A5069C11235B5B2900A75764 /* PostListTableVC */ = {
			isa = PBXGroup;
			children = (
				A5E084FE235C3F7F00BE6241 /* Factory */,
				A5069C13235B5B4000A75764 /* Cells */,
				A554C706235B2878009663CF /* PostsListTableVC.swift */,
				A554C708235B2878009663CF /* Main.storyboard */,
				A5E0850F235C8F0600BE6241 /* PostsListRouter.swift */,
			);
			path = PostListTableVC;
			sourceTree = "<group>";
		};
		A5069C13235B5B4000A75764 /* Cells */ = {
			isa = PBXGroup;
			children = (
				A5069C14235B5B4900A75764 /* PostTableCell.swift */,
				A5E08511235CD19200BE6241 /* LoadTableCell.swift */,
			);
			path = Cells;
			sourceTree = "<group>";
		};
		A554C6F6235B2878009663CF = {
			isa = PBXGroup;
			children = (
				A554C701235B2878009663CF /* TestTaskReddit */,
				A554C700235B2878009663CF /* Products */,
			);
			sourceTree = "<group>";
		};
		A554C700235B2878009663CF /* Products */ = {
			isa = PBXGroup;
			children = (
				A554C6FF235B2878009663CF /* TestTaskReddit.app */,
			);
			name = Products;
			sourceTree = "<group>";
		};
		A554C701235B2878009663CF /* TestTaskReddit */ = {
			isa = PBXGroup;
			children = (
				A5E084F7235C3E2C00BE6241 /* ApplicationLayer */,
				A5E084F0235C3AC800BE6241 /* PresentationLayer */,
				A5E084F1235C3AD200BE6241 /* BusinessLayer */,
				A5E084F2235C3ADB00BE6241 /* CoreLayer */,
				A5E084F6235C3D6900BE6241 /* Resources */,
				A554C702235B2878009663CF /* AppDelegate.swift */,
				A554C704235B2878009663CF /* SceneDelegate.swift */,
				A554C710235B287D009663CF /* Info.plist */,
			);
			path = TestTaskReddit;
			sourceTree = "<group>";
		};
		A554C716235B2B1A009663CF /* Services */ = {
			isa = PBXGroup;
			children = (
				A554C71D235B35CD009663CF /* PostsService.swift */,
			);
			path = Services;
			sourceTree = "<group>";
		};
		A554C718235B2B3E009663CF /* Network */ = {
			isa = PBXGroup;
			children = (
				A554C719235B2B52009663CF /* NetworkManager.swift */,
				A554C71B235B2E58009663CF /* NetworkManagerImpl.swift */,
				A554C722235B4462009663CF /* NetworkOperationImpl.swift */,
			);
			path = Network;
			sourceTree = "<group>";
		};
		A554C71F235B3920009663CF /* Loger */ = {
			isa = PBXGroup;
			children = (
				A554C720235B392B009663CF /* Loger.swift */,
			);
			path = Loger;
			sourceTree = "<group>";
		};
		A554C727235B536F009663CF /* ResponseResult */ = {
			isa = PBXGroup;
			children = (
				A554C728235B537F009663CF /* PostsResult.swift */,
			);
			path = ResponseResult;
			sourceTree = "<group>";
		};
		A5E084E9235B809900BE6241 /* ImageStorage */ = {
			isa = PBXGroup;
			children = (
				A5E084EA235B80A500BE6241 /* ImageStorage.swift */,
				A5E084EC235B8F7D00BE6241 /* ImageProvider.swift */,
			);
			path = ImageStorage;
			sourceTree = "<group>";
		};
		A5E084F0235C3AC800BE6241 /* PresentationLayer */ = {
			isa = PBXGroup;
			children = (
				A5E08506235C4F4800BE6241 /* PreviewVC */,
				A5E084FB235C3E9600BE6241 /* Extensions */,
				A5069C11235B5B2900A75764 /* PostListTableVC */,
			);
			path = PresentationLayer;
			sourceTree = "<group>";
		};
		A5E084F1235C3AD200BE6241 /* BusinessLayer */ = {
			isa = PBXGroup;
			children = (
				A5E084F3235C3BCA00BE6241 /* NetworkDTOModels */,
				A554C716235B2B1A009663CF /* Services */,
			);
			path = BusinessLayer;
			sourceTree = "<group>";
		};
		A5E084F2235C3ADB00BE6241 /* CoreLayer */ = {
			isa = PBXGroup;
			children = (
				A5E08509235C7E5700BE6241 /* PhotoLibrary */,
				A5E08501235C432900BE6241 /* DIContainer */,
				A5E084F4235C3C1300BE6241 /* Extensions */,
				A5E084E9235B809900BE6241 /* ImageStorage */,
				A554C718235B2B3E009663CF /* Network */,
				A554C71F235B3920009663CF /* Loger */,
				A5BD9710235B569B0006C036 /* Utilities.swift */,
			);
			path = CoreLayer;
			sourceTree = "<group>";
		};
		A5E084F3235C3BCA00BE6241 /* NetworkDTOModels */ = {
			isa = PBXGroup;
			children = (
				A554C727235B536F009663CF /* ResponseResult */,
				A554C725235B4BA8009663CF /* Post.swift */,
			);
			path = NetworkDTOModels;
			sourceTree = "<group>";
		};
		A5E084F4235C3C1300BE6241 /* Extensions */ = {
			isa = PBXGroup;
			children = (
				A5E084EE235B961B00BE6241 /* URL+Utilities.swift */,
				A5E08513235CD61F00BE6241 /* UIImageView+Hud.swift */,
			);
			path = Extensions;
			sourceTree = "<group>";
		};
		A5E084F5235C3D6000BE6241 /* Launch */ = {
			isa = PBXGroup;
			children = (
				A554C70D235B287D009663CF /* LaunchScreen.storyboard */,
			);
			path = Launch;
			sourceTree = "<group>";
		};
		A5E084F6235C3D6900BE6241 /* Resources */ = {
			isa = PBXGroup;
			children = (
				A554C70B235B287D009663CF /* Assets.xcassets */,
			);
			path = Resources;
			sourceTree = "<group>";
		};
		A5E084F7235C3E2C00BE6241 /* ApplicationLayer */ = {
			isa = PBXGroup;
			children = (
				A5E084F5235C3D6000BE6241 /* Launch */,
				A5E084F8235C3E3800BE6241 /* Coordinators */,
			);
			path = ApplicationLayer;
			sourceTree = "<group>";
		};
		A5E084F8235C3E3800BE6241 /* Coordinators */ = {
			isa = PBXGroup;
			children = (
				A5E084F9235C3E4500BE6241 /* MainCoordinator.swift */,
			);
			path = Coordinators;
			sourceTree = "<group>";
		};
		A5E084FB235C3E9600BE6241 /* Extensions */ = {
			isa = PBXGroup;
			children = (
				A5E084FC235C3EA900BE6241 /* UIViewController+Utilities.swift */,
			);
			path = Extensions;
			sourceTree = "<group>";
		};
		A5E084FE235C3F7F00BE6241 /* Factory */ = {
			isa = PBXGroup;
			children = (
				A5E084FF235C3F8A00BE6241 /* PostsListFactory.swift */,
			);
			path = Factory;
			sourceTree = "<group>";
		};
		A5E08501235C432900BE6241 /* DIContainer */ = {
			isa = PBXGroup;
			children = (
				A5E08502235C433800BE6241 /* DIFactory.swift */,
				A5E08504235C435700BE6241 /* DIContainer.swift */,
			);
			path = DIContainer;
			sourceTree = "<group>";
		};
		A5E08506235C4F4800BE6241 /* PreviewVC */ = {
			isa = PBXGroup;
			children = (
				A5E0850C235C8DCE00BE6241 /* Factory */,
				A5E08507235C4F5600BE6241 /* PreviewImageVC.swift */,
			);
			path = PreviewVC;
			sourceTree = "<group>";
		};
		A5E08509235C7E5700BE6241 /* PhotoLibrary */ = {
			isa = PBXGroup;
			children = (
				A5E0850A235C7EA000BE6241 /* PhotoLibraryManager.swift */,
			);
			path = PhotoLibrary;
			sourceTree = "<group>";
		};
		A5E0850C235C8DCE00BE6241 /* Factory */ = {
			isa = PBXGroup;
			children = (
				A5E0850D235C8E1A00BE6241 /* PreviewImageFactory.swift */,
			);
			path = Factory;
			sourceTree = "<group>";
		};
/* End PBXGroup section */

/* Begin PBXNativeTarget section */
		A554C6FE235B2878009663CF /* TestTaskReddit */ = {
			isa = PBXNativeTarget;
			buildConfigurationList = A554C713235B287D009663CF /* Build configuration list for PBXNativeTarget "TestTaskReddit" */;
			buildPhases = (
				A554C6FB235B2878009663CF /* Sources */,
				A554C6FC235B2878009663CF /* Frameworks */,
				A554C6FD235B2878009663CF /* Resources */,
			);
			buildRules = (
			);
			dependencies = (
			);
			name = TestTaskReddit;
			productName = TestTaskReddit;
			productReference = A554C6FF235B2878009663CF /* TestTaskReddit.app */;
			productType = "com.apple.product-type.application";
		};
/* End PBXNativeTarget section */

/* Begin PBXProject section */
		A554C6F7235B2878009663CF /* Project object */ = {
			isa = PBXProject;
			attributes = {
				LastSwiftUpdateCheck = 1100;
				LastUpgradeCheck = 1100;
				ORGANIZATIONNAME = Home;
				TargetAttributes = {
					A554C6FE235B2878009663CF = {
						CreatedOnToolsVersion = 11.0;
					};
				};
			};
			buildConfigurationList = A554C6FA235B2878009663CF /* Build configuration list for PBXProject "TestTaskReddit" */;
			compatibilityVersion = "Xcode 9.3";
			developmentRegion = en;
			hasScannedForEncodings = 0;
			knownRegions = (
				en,
				Base,
			);
			mainGroup = A554C6F6235B2878009663CF;
			productRefGroup = A554C700235B2878009663CF /* Products */;
			projectDirPath = "";
			projectRoot = "";
			targets = (
				A554C6FE235B2878009663CF /* TestTaskReddit */,
			);
		};
/* End PBXProject section */

/* Begin PBXResourcesBuildPhase section */
		A554C6FD235B2878009663CF /* Resources */ = {
			isa = PBXResourcesBuildPhase;
			buildActionMask = 2147483647;
			files = (
				A554C70F235B287D009663CF /* LaunchScreen.storyboard in Resources */,
				A554C70C235B287D009663CF /* Assets.xcassets in Resources */,
				A554C70A235B2878009663CF /* Main.storyboard in Resources */,
			);
			runOnlyForDeploymentPostprocessing = 0;
		};
/* End PBXResourcesBuildPhase section */

/* Begin PBXSourcesBuildPhase section */
		A554C6FB235B2878009663CF /* Sources */ = {
			isa = PBXSourcesBuildPhase;
			buildActionMask = 2147483647;
			files = (
				A554C71C235B2E58009663CF /* NetworkManagerImpl.swift in Sources */,
				A5E08508235C4F5600BE6241 /* PreviewImageVC.swift in Sources */,
				A554C71A235B2B52009663CF /* NetworkManager.swift in Sources */,
				A5BD9711235B569B0006C036 /* Utilities.swift in Sources */,
				A554C729235B537F009663CF /* PostsResult.swift in Sources */,
				A5069C15235B5B4900A75764 /* PostTableCell.swift in Sources */,
				A5E08510235C8F0600BE6241 /* PostsListRouter.swift in Sources */,
				A554C723235B4462009663CF /* NetworkOperationImpl.swift in Sources */,
				A554C707235B2878009663CF /* PostsListTableVC.swift in Sources */,
				A554C721235B392B009663CF /* Loger.swift in Sources */,
				A5E08503235C433800BE6241 /* DIFactory.swift in Sources */,
				A5E08500235C3F8A00BE6241 /* PostsListFactory.swift in Sources */,
				A5E08514235CD61F00BE6241 /* UIImageView+Hud.swift in Sources */,
				A5E084EB235B80A500BE6241 /* ImageStorage.swift in Sources */,
				A5E08512235CD19200BE6241 /* LoadTableCell.swift in Sources */,
				A5E0850E235C8E1A00BE6241 /* PreviewImageFactory.swift in Sources */,
				A5E084FA235C3E4500BE6241 /* MainCoordinator.swift in Sources */,
				A5E08505235C435700BE6241 /* DIContainer.swift in Sources */,
				A5E0850B235C7EA000BE6241 /* PhotoLibraryManager.swift in Sources */,
				A554C703235B2878009663CF /* AppDelegate.swift in Sources */,
				A5E084EF235B961B00BE6241 /* URL+Utilities.swift in Sources */,
				A554C726235B4BA8009663CF /* Post.swift in Sources */,
				A5E084FD235C3EA900BE6241 /* UIViewController+Utilities.swift in Sources */,
				A554C705235B2878009663CF /* SceneDelegate.swift in Sources */,
				A5E084ED235B8F7D00BE6241 /* ImageProvider.swift in Sources */,
				A554C71E235B35CD009663CF /* PostsService.swift in Sources */,
			);
			runOnlyForDeploymentPostprocessing = 0;
		};
/* End PBXSourcesBuildPhase section */

/* Begin PBXVariantGroup section */
		A554C708235B2878009663CF /* Main.storyboard */ = {
			isa = PBXVariantGroup;
			children = (
				A554C709235B2878009663CF /* Base */,
			);
			name = Main.storyboard;
			sourceTree = "<group>";
		};
		A554C70D235B287D009663CF /* LaunchScreen.storyboard */ = {
			isa = PBXVariantGroup;
			children = (
				A554C70E235B287D009663CF /* Base */,
			);
			name = LaunchScreen.storyboard;
			sourceTree = "<group>";
		};
/* End PBXVariantGroup section */

/* Begin XCBuildConfiguration section */
		A554C711235B287D009663CF /* Debug */ = {
			isa = XCBuildConfiguration;
			buildSettings = {
				ALWAYS_SEARCH_USER_PATHS = NO;
				CLANG_ANALYZER_NONNULL = YES;
				CLANG_ANALYZER_NUMBER_OBJECT_CONVERSION = YES_AGGRESSIVE;
				CLANG_CXX_LANGUAGE_STANDARD = "gnu++14";
				CLANG_CXX_LIBRARY = "libc++";
				CLANG_ENABLE_MODULES = YES;
				CLANG_ENABLE_OBJC_ARC = YES;
				CLANG_ENABLE_OBJC_WEAK = YES;
				CLANG_WARN_BLOCK_CAPTURE_AUTORELEASING = YES;
				CLANG_WARN_BOOL_CONVERSION = YES;
				CLANG_WARN_COMMA = YES;
				CLANG_WARN_CONSTANT_CONVERSION = YES;
				CLANG_WARN_DEPRECATED_OBJC_IMPLEMENTATIONS = YES;
				CLANG_WARN_DIRECT_OBJC_ISA_USAGE = YES_ERROR;
				CLANG_WARN_DOCUMENTATION_COMMENTS = YES;
				CLANG_WARN_EMPTY_BODY = YES;
				CLANG_WARN_ENUM_CONVERSION = YES;
				CLANG_WARN_INFINITE_RECURSION = YES;
				CLANG_WARN_INT_CONVERSION = YES;
				CLANG_WARN_NON_LITERAL_NULL_CONVERSION = YES;
				CLANG_WARN_OBJC_IMPLICIT_RETAIN_SELF = YES;
				CLANG_WARN_OBJC_LITERAL_CONVERSION = YES;
				CLANG_WARN_OBJC_ROOT_CLASS = YES_ERROR;
				CLANG_WARN_RANGE_LOOP_ANALYSIS = YES;
				CLANG_WARN_STRICT_PROTOTYPES = YES;
				CLANG_WARN_SUSPICIOUS_MOVE = YES;
				CLANG_WARN_UNGUARDED_AVAILABILITY = YES_AGGRESSIVE;
				CLANG_WARN_UNREACHABLE_CODE = YES;
				CLANG_WARN__DUPLICATE_METHOD_MATCH = YES;
				COPY_PHASE_STRIP = NO;
				DEBUG_INFORMATION_FORMAT = dwarf;
				ENABLE_STRICT_OBJC_MSGSEND = YES;
				ENABLE_TESTABILITY = YES;
				GCC_C_LANGUAGE_STANDARD = gnu11;
				GCC_DYNAMIC_NO_PIC = NO;
				GCC_NO_COMMON_BLOCKS = YES;
				GCC_OPTIMIZATION_LEVEL = 0;
				GCC_PREPROCESSOR_DEFINITIONS = (
					"DEBUG=1",
					"$(inherited)",
				);
				GCC_WARN_64_TO_32_BIT_CONVERSION = YES;
				GCC_WARN_ABOUT_RETURN_TYPE = YES_ERROR;
				GCC_WARN_UNDECLARED_SELECTOR = YES;
				GCC_WARN_UNINITIALIZED_AUTOS = YES_AGGRESSIVE;
				GCC_WARN_UNUSED_FUNCTION = YES;
				GCC_WARN_UNUSED_VARIABLE = YES;
				IPHONEOS_DEPLOYMENT_TARGET = 13.0;
				MTL_ENABLE_DEBUG_INFO = INCLUDE_SOURCE;
				MTL_FAST_MATH = YES;
				ONLY_ACTIVE_ARCH = YES;
				SDKROOT = iphoneos;
				SWIFT_ACTIVE_COMPILATION_CONDITIONS = DEBUG;
				SWIFT_OPTIMIZATION_LEVEL = "-Onone";
			};
			name = Debug;
		};
		A554C712235B287D009663CF /* Release */ = {
			isa = XCBuildConfiguration;
			buildSettings = {
				ALWAYS_SEARCH_USER_PATHS = NO;
				CLANG_ANALYZER_NONNULL = YES;
				CLANG_ANALYZER_NUMBER_OBJECT_CONVERSION = YES_AGGRESSIVE;
				CLANG_CXX_LANGUAGE_STANDARD = "gnu++14";
				CLANG_CXX_LIBRARY = "libc++";
				CLANG_ENABLE_MODULES = YES;
				CLANG_ENABLE_OBJC_ARC = YES;
				CLANG_ENABLE_OBJC_WEAK = YES;
				CLANG_WARN_BLOCK_CAPTURE_AUTORELEASING = YES;
				CLANG_WARN_BOOL_CONVERSION = YES;
				CLANG_WARN_COMMA = YES;
				CLANG_WARN_CONSTANT_CONVERSION = YES;
				CLANG_WARN_DEPRECATED_OBJC_IMPLEMENTATIONS = YES;
				CLANG_WARN_DIRECT_OBJC_ISA_USAGE = YES_ERROR;
				CLANG_WARN_DOCUMENTATION_COMMENTS = YES;
				CLANG_WARN_EMPTY_BODY = YES;
				CLANG_WARN_ENUM_CONVERSION = YES;
				CLANG_WARN_INFINITE_RECURSION = YES;
				CLANG_WARN_INT_CONVERSION = YES;
				CLANG_WARN_NON_LITERAL_NULL_CONVERSION = YES;
				CLANG_WARN_OBJC_IMPLICIT_RETAIN_SELF = YES;
				CLANG_WARN_OBJC_LITERAL_CONVERSION = YES;
				CLANG_WARN_OBJC_ROOT_CLASS = YES_ERROR;
				CLANG_WARN_RANGE_LOOP_ANALYSIS = YES;
				CLANG_WARN_STRICT_PROTOTYPES = YES;
				CLANG_WARN_SUSPICIOUS_MOVE = YES;
				CLANG_WARN_UNGUARDED_AVAILABILITY = YES_AGGRESSIVE;
				CLANG_WARN_UNREACHABLE_CODE = YES;
				CLANG_WARN__DUPLICATE_METHOD_MATCH = YES;
				COPY_PHASE_STRIP = NO;
				DEBUG_INFORMATION_FORMAT = "dwarf-with-dsym";
				ENABLE_NS_ASSERTIONS = NO;
				ENABLE_STRICT_OBJC_MSGSEND = YES;
				GCC_C_LANGUAGE_STANDARD = gnu11;
				GCC_NO_COMMON_BLOCKS = YES;
				GCC_WARN_64_TO_32_BIT_CONVERSION = YES;
				GCC_WARN_ABOUT_RETURN_TYPE = YES_ERROR;
				GCC_WARN_UNDECLARED_SELECTOR = YES;
				GCC_WARN_UNINITIALIZED_AUTOS = YES_AGGRESSIVE;
				GCC_WARN_UNUSED_FUNCTION = YES;
				GCC_WARN_UNUSED_VARIABLE = YES;
				IPHONEOS_DEPLOYMENT_TARGET = 13.0;
				MTL_ENABLE_DEBUG_INFO = NO;
				MTL_FAST_MATH = YES;
				SDKROOT = iphoneos;
				SWIFT_COMPILATION_MODE = wholemodule;
				SWIFT_OPTIMIZATION_LEVEL = "-O";
				VALIDATE_PRODUCT = YES;
			};
			name = Release;
		};
		A554C714235B287D009663CF /* Debug */ = {
			isa = XCBuildConfiguration;
			buildSettings = {
				ASSETCATALOG_COMPILER_APPICON_NAME = AppIcon;
				CODE_SIGN_STYLE = Automatic;
				INFOPLIST_FILE = TestTaskReddit/Info.plist;
				LD_RUNPATH_SEARCH_PATHS = (
					"$(inherited)",
					"@executable_path/Frameworks",
				);
				PRODUCT_BUNDLE_IDENTIFIER = com.dmitrypashinskiy.testtask.TestTaskReddit;
				PRODUCT_NAME = "$(TARGET_NAME)";
				SWIFT_VERSION = 5.0;
				TARGETED_DEVICE_FAMILY = "1,2";
			};
			name = Debug;
		};
		A554C715235B287D009663CF /* Release */ = {
			isa = XCBuildConfiguration;
			buildSettings = {
				ASSETCATALOG_COMPILER_APPICON_NAME = AppIcon;
				CODE_SIGN_STYLE = Automatic;
				INFOPLIST_FILE = TestTaskReddit/Info.plist;
				LD_RUNPATH_SEARCH_PATHS = (
					"$(inherited)",
					"@executable_path/Frameworks",
				);
				PRODUCT_BUNDLE_IDENTIFIER = com.dmitrypashinskiy.testtask.TestTaskReddit;
				PRODUCT_NAME = "$(TARGET_NAME)";
				SWIFT_VERSION = 5.0;
				TARGETED_DEVICE_FAMILY = "1,2";
			};
			name = Release;
		};
/* End XCBuildConfiguration section */

/* Begin XCConfigurationList section */
		A554C6FA235B2878009663CF /* Build configuration list for PBXProject "TestTaskReddit" */ = {
			isa = XCConfigurationList;
			buildConfigurations = (
				A554C711235B287D009663CF /* Debug */,
				A554C712235B287D009663CF /* Release */,
			);
			defaultConfigurationIsVisible = 0;
			defaultConfigurationName = Release;
		};
		A554C713235B287D009663CF /* Build configuration list for PBXNativeTarget "TestTaskReddit" */ = {
			isa = XCConfigurationList;
			buildConfigurations = (
				A554C714235B287D009663CF /* Debug */,
				A554C715235B287D009663CF /* Release */,
			);
			defaultConfigurationIsVisible = 0;
			defaultConfigurationName = Release;
		};
/* End XCConfigurationList section */
	};
	rootObject = A554C6F7235B2878009663CF /* Project object */;
}
